
Microsoft Visual Studio Solution File, Format Version 12.00
# Visual Studio Version 17
VisualStudioVersion = 17.0.31903.59
MinimumVisualStudioVersion = 10.0.40219.1
Project("{FAE04EC0-301F-11D3-BF4B-00C04F79EFBC}") = "OrangeHRM.UIAutomation.Tests", "OrangeHRM.UIAutomation.Tests\OrangeHRM.UIAutomation.Tests.csproj", "{31A7B4D3-5AD6-4ED6-A0A9-8C7E6AB0467C}"
EndProject
Global
	GlobalSection(SolutionConfigurationPlatforms) = preSolution
		Debug|Any CPU = Debug|Any CPU
		Release|Any CPU = Release|Any CPU
	EndGlobalSection
	GlobalSection(SolutionProperties) = preSolution
		HideSolutionNode = FALSE
	EndGlobalSection
	GlobalSection(ProjectConfigurationPlatforms) = postSolution
		{31A7B4D3-5AD6-4ED6-A0A9-8C7E6AB0467C}.Debug|Any CPU.ActiveCfg = Debug|Any CPU
		{31A7B4D3-5AD6-4ED6-A0A9-8C7E6AB0467C}.Debug|Any CPU.Build.0 = Debug|Any CPU
		{31A7B4D3-5AD6-4ED6-A0A9-8C7E6AB0467C}.Release|Any CPU.ActiveCfg = Release|Any CPU
		{31A7B4D3-5AD6-4ED6-A0A9-8C7E6AB0467C}.Release|Any CPU.Build.0 = Release|Any CPU
	EndGlobalSection
EndGlobal
